{
  "name": "playground",
  "lockfileVersion": 2,
  "requires": true,
  "packages": {
    "": {
      "workspaces": [
        "app1",
        "app2"
      ]
    },
    "app1": {
      "version": "1.0.0",
      "dependencies": {
        "typescript": "^4.7.4"
      }
    },
    "app2": {
      "version": "1.0.0",
      "dependencies": {
        "typescript": "^4.7.4"
      }
    },
    "node_modules/app1": {
      "resolved": "app1",
      "link": true
    },
    "node_modules/app2": {
      "resolved": "app2",
      "link": true
    },
    "node_modules/typescript": {
      "version": "4.7.4",
      "resolved": "https://registry.npmjs.org/typescript/-/typescript-4.7.4.tgz",
      "integrity": "sha512-C0WQT0gezHuw6AdY1M2jxUO83Rjf0HP7Sk1DtXj6j1EwkQNZrHAg2XPWlq62oqEhYvONq5pkC2Y9oPljWToLmQ==",
      "bin": {
        "tsc": "bin/tsc",
        "tsserver": "bin/tsserver"
      },
      "engines": {
        "node": ">=4.2.0"
      }
    }
  },
  "dependencies": {
    "app1": {
      "version": "file:app1",
      "requires": {
        "typescript": "^4.7.4"
      }
    },
    "app2": {
      "version": "file:app2",
      "requires": {
        "typescript": "*"
      }
    },
    "typescript": {
      "version": "4.7.4",
      "resolved": "https://registry.npmjs.org/typescript/-/typescript-4.7.4.tgz",
      "integrity": "sha512-C0WQT0gezHuw6AdY1M2jxUO83Rjf0HP7Sk1DtXj6j1EwkQNZrHAg2XPWlq62oqEhYvONq5pkC2Y9oPljWToLmQ=="
    }
  }
}
